
Microsoft Visual Studio Solution File, Format Version 12.00
# Visual Studio Version 17
VisualStudioVersion = 17.14.36414.22 d17.14
MinimumVisualStudioVersion = 10.0.40219.1
Project("{FAE04EC0-301F-11D3-BF4B-00C04F79EFBC}") = "EviDenseOD", "EviDenseOD.csproj", "{922A9E76-94DD-7456-86EE-33033F8A4C90}"
EndProject
Global
	GlobalSection(SolutionConfigurationPlatforms) = preSolution
		Debug|Any CPU = Debug|Any CPU
		Release|Any CPU = Release|Any CPU
	EndGlobalSection
	GlobalSection(ProjectConfigurationPlatforms) = postSolution
		{922A9E76-94DD-7456-86EE-33033F8A4C90}.Debug|Any CPU.ActiveCfg = Debug|Any CPU
		{922A9E76-94DD-7456-86EE-33033F8A4C90}.Debug|Any CPU.Build.0 = Debug|Any CPU
		{922A9E76-94DD-7456-86EE-33033F8A4C90}.Release|Any CPU.ActiveCfg = Release|Any CPU
		{922A9E76-94DD-7456-86EE-33033F8A4C90}.Release|Any CPU.Build.0 = Release|Any CPU
	EndGlobalSection
	GlobalSection(SolutionProperties) = preSolution
		HideSolutionNode = FALSE
	EndGlobalSection
	GlobalSection(ExtensibilityGlobals) = postSolution
		SolutionGuid = {7A731A4B-6507-44A9-9A25-52E94BDEB23A}
	EndGlobalSection
EndGlobal
